// !$*UTF8*$!
{
	archiveVersion = 1;
	classes = {
	};
	objectVersion = 46;
	objects = {

/* Begin PBXBuildFile section */
		00C302E51ABCBA2D00DB3ED1 /* libRCTActionSheet.a in Frameworks */ = {isa = PBXBuildFile; fileRef = 00C302AC1ABCB8CE00DB3ED1 /* libRCTActionSheet.a */; };
		00C302E71ABCBA2D00DB3ED1 /* libRCTGeolocation.a in Frameworks */ = {isa = PBXBuildFile; fileRef = 00C302BA1ABCB90400DB3ED1 /* libRCTGeolocation.a */; };
		00C302E81ABCBA2D00DB3ED1 /* libRCTImage.a in Frameworks */ = {isa = PBXBuildFile; fileRef = 00C302C01ABCB91800DB3ED1 /* libRCTImage.a */; };
		00C302E91ABCBA2D00DB3ED1 /* libRCTNetwork.a in Frameworks */ = {isa = PBXBuildFile; fileRef = 00C302DC1ABCB9D200DB3ED1 /* libRCTNetwork.a */; };
		00C302EA1ABCBA2D00DB3ED1 /* libRCTVibration.a in Frameworks */ = {isa = PBXBuildFile; fileRef = 00C302E41ABCB9EE00DB3ED1 /* libRCTVibration.a */; };
		133E29F31AD74F7200F7D852 /* libRCTLinking.a in Frameworks */ = {isa = PBXBuildFile; fileRef = 78C398B91ACF4ADC00677621 /* libRCTLinking.a */; };
		139105C61AF99C1200B5F7CC /* libRCTSettings.a in Frameworks */ = {isa = PBXBuildFile; fileRef = 139105C11AF99BAD00B5F7CC /* libRCTSettings.a */; };
		139FDEF61B0652A700C62182 /* libRCTWebSocket.a in Frameworks */ = {isa = PBXBuildFile; fileRef = 139FDEF41B06529B00C62182 /* libRCTWebSocket.a */; };
		13B07FBD1A68108700A75B9A /* LaunchScreen.xib in Resources */ = {isa = PBXBuildFile; fileRef = 13B07FB11A68108700A75B9A /* LaunchScreen.xib */; };
		13B07FBF1A68108700A75B9A /* Images.xcassets in Resources */ = {isa = PBXBuildFile; fileRef = 13B07FB51A68108700A75B9A /* Images.xcassets */; };
		146834051AC3E58100842450 /* libReact.a in Frameworks */ = {isa = PBXBuildFile; fileRef = 146834041AC3E56700842450 /* libReact.a */; };
		3D2A39F31C7C3ECD0085264D /* libsqlite3.tbd in Frameworks */ = {isa = PBXBuildFile; fileRef = 3D2A39F21C7C3ECD0085264D /* libsqlite3.tbd */; };
		3D2A39FF1C7C3EDA0085264D /* libc++.tbd in Frameworks */ = {isa = PBXBuildFile; fileRef = 3D2A39FE1C7C3EDA0085264D /* libc++.tbd */; };
		3D2A3A011C7C3EE70085264D /* libz.tbd in Frameworks */ = {isa = PBXBuildFile; fileRef = 3D2A3A001C7C3EE70085264D /* libz.tbd */; };
		3D2A3A0A1C7C44C50085264D /* CoreTelephony.framework in Frameworks */ = {isa = PBXBuildFile; fileRef = 3D2A3A091C7C44C50085264D /* CoreTelephony.framework */; };
		3D3E1EFF1C9F9C1C0064F187 /* SwiftNotice.swift in Sources */ = {isa = PBXBuildFile; fileRef = 3D3E1EFE1C9F9C1C0064F187 /* SwiftNotice.swift */; };
		3D47CB491C897882000EF6EF /* AppDelegate.swift in Sources */ = {isa = PBXBuildFile; fileRef = 3D47CB481C897882000EF6EF /* AppDelegate.swift */; };
		3D5C46C81C92B51000BF6FD3 /* main.jsbundle in Resources */ = {isa = PBXBuildFile; fileRef = 3D5C46C71C92B51000BF6FD3 /* main.jsbundle */; };
		3D61C5CB1C9909CB0037816A /* EditOwnStocksViewController.swift in Sources */ = {isa = PBXBuildFile; fileRef = 3D61C5C91C9909CB0037816A /* EditOwnStocksViewController.swift */; };
		3D61C5F11C9931810037816A /* EditOwnStockCell.swift in Sources */ = {isa = PBXBuildFile; fileRef = 3D61C5F01C9931810037816A /* EditOwnStockCell.swift */; };
		3D61C5F31C9931A10037816A /* MainStoryboard.storyboard in Resources */ = {isa = PBXBuildFile; fileRef = 3D61C5F21C9931A10037816A /* MainStoryboard.storyboard */; };
		3D6A23E51C9AA93F00FF1306 /* NativeScene.m in Sources */ = {isa = PBXBuildFile; fileRef = 3D6A23E41C9AA93F00FF1306 /* NativeScene.m */; };
		3D6A24091C9AB90000FF1306 /* NativeData.m in Sources */ = {isa = PBXBuildFile; fileRef = 3D6A24081C9AB90000FF1306 /* NativeData.m */; };
		3D6A240B1C9ABDE900FF1306 /* StockDataManager.swift in Sources */ = {isa = PBXBuildFile; fileRef = 3D6A240A1C9ABDE900FF1306 /* StockDataManager.swift */; };
		3D6A24181C9C026200FF1306 /* SwiftExtensions.swift in Sources */ = {isa = PBXBuildFile; fileRef = 3D6A24171C9C026200FF1306 /* SwiftExtensions.swift */; };
		3DB98C0F1CE1CF1A00DB3FA5 /* frontPage.jpg in Resources */ = {isa = PBXBuildFile; fileRef = 3DB98C0E1CE1CF1A00DB3FA5 /* frontPage.jpg */; };
		3DC618011CA2747E00F36541 /* ChartDataManager.swift in Sources */ = {isa = PBXBuildFile; fileRef = 3DC618001CA2747E00F36541 /* ChartDataManager.swift */; };
		3DC618051CA29F9900F36541 /* StockChartView.swift in Sources */ = {isa = PBXBuildFile; fileRef = 3DC618041CA29F9900F36541 /* StockChartView.swift */; };
		3DC6182D1CA3922A00F36541 /* StockChartViewManager.m in Sources */ = {isa = PBXBuildFile; fileRef = 3DC6182C1CA3922A00F36541 /* StockChartViewManager.m */; };
		3DD744771CCE18040021304F /* myhero.ttf in Resources */ = {isa = PBXBuildFile; fileRef = 3DD744761CCE18040021304F /* myhero.ttf */; };
		73DFEAF21CDB242700234CE8 /* libbz2.1.0.tbd in Frameworks */ = {isa = PBXBuildFile; fileRef = 73DFEAF01CDB22A500234CE8 /* libbz2.1.0.tbd */; };
		73FD306D1D0574FD00D77EFC /* libRNFS.a in Frameworks */ = {isa = PBXBuildFile; fileRef = 73FD306C1D0574C200D77EFC /* libRNFS.a */; };
		80BCA2B8147C419E82DF3DFB /* libRCTHotUpdate.a in Frameworks */ = {isa = PBXBuildFile; fileRef = ADAFAB0527AA419A8350A2B3 /* libRCTHotUpdate.a */; };
		832341BD1AAA6AB300B99B32 /* libRCTText.a in Frameworks */ = {isa = PBXBuildFile; fileRef = 832341B51AAA6A8300B99B32 /* libRCTText.a */; };
		C5971F975A91415B996BBB9C /* libRealmReact.a in Frameworks */ = {isa = PBXBuildFile; fileRef = 5EE2CE709A38445E9875FCBD /* libRealmReact.a */; };
		CBDAB12CB32E43B38DF342E5 /* libRCTWeChat.a in Frameworks */ = {isa = PBXBuildFile; fileRef = 283667F11BD6472A9A1A8BAE /* libRCTWeChat.a */; };
		D5C95DE6EB174E6896A7067C /* libRNImagePicker.a in Frameworks */ = {isa = PBXBuildFile; fileRef = 7D8780BF57DD4DB28D4B30A9 /* libRNImagePicker.a */; };
		E30C3760AD2343E4BF815D6D /* libBVLinearGradient.a in Frameworks */ = {isa = PBXBuildFile; fileRef = D8E9B8FF0CA943FB9D049E93 /* libBVLinearGradient.a */; };
/* End PBXBuildFile section */

/* Begin PBXContainerItemProxy section */
		00C302AB1ABCB8CE00DB3ED1 /* PBXContainerItemProxy */ = {
			isa = PBXContainerItemProxy;
			containerPortal = 00C302A71ABCB8CE00DB3ED1 /* RCTActionSheet.xcodeproj */;
			proxyType = 2;
			remoteGlobalIDString = 134814201AA4EA6300B7C361;
			remoteInfo = RCTActionSheet;
		};
		00C302B91ABCB90400DB3ED1 /* PBXContainerItemProxy */ = {
			isa = PBXContainerItemProxy;
			containerPortal = 00C302B51ABCB90400DB3ED1 /* RCTGeolocation.xcodeproj */;
			proxyType = 2;
			remoteGlobalIDString = 134814201AA4EA6300B7C361;
			remoteInfo = RCTGeolocation;
		};
		00C302BF1ABCB91800DB3ED1 /* PBXContainerItemProxy */ = {
			isa = PBXContainerItemProxy;
			containerPortal = 00C302BB1ABCB91800DB3ED1 /* RCTImage.xcodeproj */;
			proxyType = 2;
			remoteGlobalIDString = 58B5115D1A9E6B3D00147676;
			remoteInfo = RCTImage;
		};
		00C302DB1ABCB9D200DB3ED1 /* PBXContainerItemProxy */ = {
			isa = PBXContainerItemProxy;
			containerPortal = 00C302D31ABCB9D200DB3ED1 /* RCTNetwork.xcodeproj */;
			proxyType = 2;
			remoteGlobalIDString = 58B511DB1A9E6C8500147676;
			remoteInfo = RCTNetwork;
		};
		00C302E31ABCB9EE00DB3ED1 /* PBXContainerItemProxy */ = {
			isa = PBXContainerItemProxy;
			containerPortal = 00C302DF1ABCB9EE00DB3ED1 /* RCTVibration.xcodeproj */;
			proxyType = 2;
			remoteGlobalIDString = 832C81801AAF6DEF007FA2F7;
			remoteInfo = RCTVibration;
		};
		139105C01AF99BAD00B5F7CC /* PBXContainerItemProxy */ = {
			isa = PBXContainerItemProxy;
			containerPortal = 139105B61AF99BAD00B5F7CC /* RCTSettings.xcodeproj */;
			proxyType = 2;
			remoteGlobalIDString = 134814201AA4EA6300B7C361;
			remoteInfo = RCTSettings;
		};
		139FDEF31B06529B00C62182 /* PBXContainerItemProxy */ = {
			isa = PBXContainerItemProxy;
			containerPortal = 139FDEE61B06529A00C62182 /* RCTWebSocket.xcodeproj */;
			proxyType = 2;
			remoteGlobalIDString = 3C86DF461ADF2C930047B81A;
			remoteInfo = RCTWebSocket;
		};
		146834031AC3E56700842450 /* PBXContainerItemProxy */ = {
			isa = PBXContainerItemProxy;
			containerPortal = 146833FF1AC3E56700842450 /* React.xcodeproj */;
			proxyType = 2;
			remoteGlobalIDString = 83CBBA2E1A601D0E00E9B192;
			remoteInfo = React;
		};
		3DC618141CA38B0A00F36541 /* PBXContainerItemProxy */ = {
			isa = PBXContainerItemProxy;
			containerPortal = 58602275B1F14B899E56D44F /* BVLinearGradient.xcodeproj */;
			proxyType = 2;
			remoteGlobalIDString = 134814201AA4EA6300B7C361;
			remoteInfo = BVLinearGradient;
		};
		3DE8F6761D115922008A0D49 /* PBXContainerItemProxy */ = {
			isa = PBXContainerItemProxy;
			containerPortal = 603E112CF5294E05A10661EE /* RCTWeChat.xcodeproj */;
			proxyType = 2;
			remoteGlobalIDString = 86D238421BD0BB9E00C75D01;
			remoteInfo = RCTWeChat;
		};
		737363661D17CCFA00476488 /* PBXContainerItemProxy */ = {
			isa = PBXContainerItemProxy;
			containerPortal = FC36C2CB97CE4D7DBE61CD48 /* RNImagePicker.xcodeproj */;
			proxyType = 2;
			remoteGlobalIDString = 014A3B5C1C6CF33500B6D375;
			remoteInfo = RNImagePicker;
		};
		737CC9B51CD30DFE00166A6A /* PBXContainerItemProxy */ = {
			isa = PBXContainerItemProxy;
			containerPortal = 8BCBE68C9A854D14A920EAD9 /* RealmReact.xcodeproj */;
			proxyType = 2;
			remoteGlobalIDString = F60690131CA2766F0003FB26;
			remoteInfo = RealmReact;
		};
		73DFEAE41CDB21FA00234CE8 /* PBXContainerItemProxy */ = {
			isa = PBXContainerItemProxy;
			containerPortal = 22F5EC88B9014CDA85FEBFBA /* RCTHotUpdate.xcodeproj */;
			proxyType = 2;
			remoteGlobalIDString = 91C5EFFF1C76ECA90037E727;
			remoteInfo = RCTHotUpdate;
		};
		73FD306B1D0574C200D77EFC /* PBXContainerItemProxy */ = {
			isa = PBXContainerItemProxy;
			containerPortal = 73FD30591D0574C200D77EFC /* RNFS.xcodeproj */;
			proxyType = 2;
			remoteGlobalIDString = F12AFB9B1ADAF8F800E0535D;
			remoteInfo = RNFS;
		};
		78C398B81ACF4ADC00677621 /* PBXContainerItemProxy */ = {
			isa = PBXContainerItemProxy;
			containerPortal = 78C398B01ACF4ADC00677621 /* RCTLinking.xcodeproj */;
			proxyType = 2;
			remoteGlobalIDString = 134814201AA4EA6300B7C361;
			remoteInfo = RCTLinking;
		};
		832341B41AAA6A8300B99B32 /* PBXContainerItemProxy */ = {
			isa = PBXContainerItemProxy;
			containerPortal = 832341B01AAA6A8300B99B32 /* RCTText.xcodeproj */;
			proxyType = 2;
			remoteGlobalIDString = 58B5119B1A9E6C1200147676;
			remoteInfo = RCTText;
		};
/* End PBXContainerItemProxy section */

/* Begin PBXFileReference section */
		00C302A71ABCB8CE00DB3ED1 /* RCTActionSheet.xcodeproj */ = {isa = PBXFileReference; lastKnownFileType = "wrapper.pb-project"; name = RCTActionSheet.xcodeproj; path = "../node_modules/react-native/Libraries/ActionSheetIOS/RCTActionSheet.xcodeproj"; sourceTree = "<group>"; };
		00C302B51ABCB90400DB3ED1 /* RCTGeolocation.xcodeproj */ = {isa = PBXFileReference; lastKnownFileType = "wrapper.pb-project"; name = RCTGeolocation.xcodeproj; path = "../node_modules/react-native/Libraries/Geolocation/RCTGeolocation.xcodeproj"; sourceTree = "<group>"; };
		00C302BB1ABCB91800DB3ED1 /* RCTImage.xcodeproj */ = {isa = PBXFileReference; lastKnownFileType = "wrapper.pb-project"; name = RCTImage.xcodeproj; path = "../node_modules/react-native/Libraries/Image/RCTImage.xcodeproj"; sourceTree = "<group>"; };
		00C302D31ABCB9D200DB3ED1 /* RCTNetwork.xcodeproj */ = {isa = PBXFileReference; lastKnownFileType = "wrapper.pb-project"; name = RCTNetwork.xcodeproj; path = "../node_modules/react-native/Libraries/Network/RCTNetwork.xcodeproj"; sourceTree = "<group>"; };
		00C302DF1ABCB9EE00DB3ED1 /* RCTVibration.xcodeproj */ = {isa = PBXFileReference; lastKnownFileType = "wrapper.pb-project"; name = RCTVibration.xcodeproj; path = "../node_modules/react-native/Libraries/Vibration/RCTVibration.xcodeproj"; sourceTree = "<group>"; };
		139105B61AF99BAD00B5F7CC /* RCTSettings.xcodeproj */ = {isa = PBXFileReference; lastKnownFileType = "wrapper.pb-project"; name = RCTSettings.xcodeproj; path = "../node_modules/react-native/Libraries/Settings/RCTSettings.xcodeproj"; sourceTree = "<group>"; };
		139FDEE61B06529A00C62182 /* RCTWebSocket.xcodeproj */ = {isa = PBXFileReference; lastKnownFileType = "wrapper.pb-project"; name = RCTWebSocket.xcodeproj; path = "../node_modules/react-native/Libraries/WebSocket/RCTWebSocket.xcodeproj"; sourceTree = "<group>"; };
		13B07F961A680F5B00A75B9A /* TH_CFD.app */ = {isa = PBXFileReference; explicitFileType = wrapper.application; includeInIndex = 0; path = TH_CFD.app; sourceTree = BUILT_PRODUCTS_DIR; };
		13B07FB21A68108700A75B9A /* Base */ = {isa = PBXFileReference; lastKnownFileType = file.xib; name = Base; path = Base.lproj/LaunchScreen.xib; sourceTree = "<group>"; };
		13B07FB51A68108700A75B9A /* Images.xcassets */ = {isa = PBXFileReference; lastKnownFileType = folder.assetcatalog; name = Images.xcassets; path = TH_CFD/Images.xcassets; sourceTree = "<group>"; };
		13B07FB61A68108700A75B9A /* Info.plist */ = {isa = PBXFileReference; fileEncoding = 4; lastKnownFileType = text.plist.xml; name = Info.plist; path = TH_CFD/Info.plist; sourceTree = "<group>"; };
		146833FF1AC3E56700842450 /* React.xcodeproj */ = {isa = PBXFileReference; lastKnownFileType = "wrapper.pb-project"; name = React.xcodeproj; path = "../node_modules/react-native/React/React.xcodeproj"; sourceTree = "<group>"; };
		22F5EC88B9014CDA85FEBFBA /* RCTHotUpdate.xcodeproj */ = {isa = PBXFileReference; explicitFileType = undefined; fileEncoding = 9; includeInIndex = 0; lastKnownFileType = "wrapper.pb-project"; name = RCTHotUpdate.xcodeproj; path = "../node_modules/react-native-update/ios/RCTHotUpdate.xcodeproj"; sourceTree = "<group>"; };
		283667F11BD6472A9A1A8BAE /* libRCTWeChat.a */ = {isa = PBXFileReference; explicitFileType = undefined; fileEncoding = 9; includeInIndex = 0; lastKnownFileType = archive.ar; path = libRCTWeChat.a; sourceTree = "<group>"; };
		3D2A39F21C7C3ECD0085264D /* libsqlite3.tbd */ = {isa = PBXFileReference; lastKnownFileType = "sourcecode.text-based-dylib-definition"; name = libsqlite3.tbd; path = usr/lib/libsqlite3.tbd; sourceTree = SDKROOT; };
		3D2A39FE1C7C3EDA0085264D /* libc++.tbd */ = {isa = PBXFileReference; lastKnownFileType = "sourcecode.text-based-dylib-definition"; name = "libc++.tbd"; path = "usr/lib/libc++.tbd"; sourceTree = SDKROOT; };
		3D2A3A001C7C3EE70085264D /* libz.tbd */ = {isa = PBXFileReference; lastKnownFileType = "sourcecode.text-based-dylib-definition"; name = libz.tbd; path = usr/lib/libz.tbd; sourceTree = SDKROOT; };
		3D2A3A091C7C44C50085264D /* CoreTelephony.framework */ = {isa = PBXFileReference; lastKnownFileType = wrapper.framework; name = CoreTelephony.framework; path = System/Library/Frameworks/CoreTelephony.framework; sourceTree = SDKROOT; };
		3D3E1EFE1C9F9C1C0064F187 /* SwiftNotice.swift */ = {isa = PBXFileReference; fileEncoding = 4; lastKnownFileType = sourcecode.swift; name = SwiftNotice.swift; path = TH_CFD/SwiftNotice.swift; sourceTree = "<group>"; };
		3D47CB471C897879000EF6EF /* TH_CFD-Bridging-Header.h */ = {isa = PBXFileReference; fileEncoding = 4; lastKnownFileType = sourcecode.c.h; path = "TH_CFD-Bridging-Header.h"; sourceTree = "<group>"; };
		3D47CB481C897882000EF6EF /* AppDelegate.swift */ = {isa = PBXFileReference; fileEncoding = 4; lastKnownFileType = sourcecode.swift; name = AppDelegate.swift; path = TH_CFD/AppDelegate.swift; sourceTree = "<group>"; };
		3D5C46C71C92B51000BF6FD3 /* main.jsbundle */ = {isa = PBXFileReference; fileEncoding = 4; lastKnownFileType = text; path = main.jsbundle; sourceTree = "<group>"; };
		3D61C5C91C9909CB0037816A /* EditOwnStocksViewController.swift */ = {isa = PBXFileReference; fileEncoding = 4; lastKnownFileType = sourcecode.swift; name = EditOwnStocksViewController.swift; path = TH_CFD/EditOwnStocksViewController.swift; sourceTree = "<group>"; };
		3D61C5F01C9931810037816A /* EditOwnStockCell.swift */ = {isa = PBXFileReference; fileEncoding = 4; lastKnownFileType = sourcecode.swift; name = EditOwnStockCell.swift; path = TH_CFD/EditOwnStockCell.swift; sourceTree = "<group>"; };
		3D61C5F21C9931A10037816A /* MainStoryboard.storyboard */ = {isa = PBXFileReference; fileEncoding = 4; lastKnownFileType = file.storyboard; name = MainStoryboard.storyboard; path = TH_CFD/MainStoryboard.storyboard; sourceTree = "<group>"; };
		3D6A23E31C9AA93F00FF1306 /* NativeScene.h */ = {isa = PBXFileReference; fileEncoding = 4; lastKnownFileType = sourcecode.c.h; name = NativeScene.h; path = TH_CFD/NativeScene.h; sourceTree = "<group>"; };
		3D6A23E41C9AA93F00FF1306 /* NativeScene.m */ = {isa = PBXFileReference; fileEncoding = 4; lastKnownFileType = sourcecode.c.objc; name = NativeScene.m; path = TH_CFD/NativeScene.m; sourceTree = "<group>"; };
		3D6A24071C9AB90000FF1306 /* NativeData.h */ = {isa = PBXFileReference; fileEncoding = 4; lastKnownFileType = sourcecode.c.h; name = NativeData.h; path = TH_CFD/NativeData.h; sourceTree = "<group>"; };
		3D6A24081C9AB90000FF1306 /* NativeData.m */ = {isa = PBXFileReference; fileEncoding = 4; lastKnownFileType = sourcecode.c.objc; name = NativeData.m; path = TH_CFD/NativeData.m; sourceTree = "<group>"; };
		3D6A240A1C9ABDE900FF1306 /* StockDataManager.swift */ = {isa = PBXFileReference; fileEncoding = 4; lastKnownFileType = sourcecode.swift; name = StockDataManager.swift; path = TH_CFD/StockDataManager.swift; sourceTree = "<group>"; };
		3D6A24171C9C026200FF1306 /* SwiftExtensions.swift */ = {isa = PBXFileReference; fileEncoding = 4; lastKnownFileType = sourcecode.swift; name = SwiftExtensions.swift; path = TH_CFD/SwiftExtensions.swift; sourceTree = "<group>"; };
		3DB98C0E1CE1CF1A00DB3FA5 /* frontPage.jpg */ = {isa = PBXFileReference; lastKnownFileType = image.jpeg; name = frontPage.jpg; path = ../images/frontPage.jpg; sourceTree = "<group>"; };
		3DC618001CA2747E00F36541 /* ChartDataManager.swift */ = {isa = PBXFileReference; fileEncoding = 4; lastKnownFileType = sourcecode.swift; name = ChartDataManager.swift; path = TH_CFD/ChartDataManager.swift; sourceTree = "<group>"; };
		3DC618041CA29F9900F36541 /* StockChartView.swift */ = {isa = PBXFileReference; fileEncoding = 4; lastKnownFileType = sourcecode.swift; name = StockChartView.swift; path = TH_CFD/StockChartView.swift; sourceTree = "<group>"; };
		3DC6182B1CA3922A00F36541 /* StockChartViewManager.h */ = {isa = PBXFileReference; fileEncoding = 4; lastKnownFileType = sourcecode.c.h; name = StockChartViewManager.h; path = TH_CFD/StockChartViewManager.h; sourceTree = "<group>"; };
		3DC6182C1CA3922A00F36541 /* StockChartViewManager.m */ = {isa = PBXFileReference; fileEncoding = 4; lastKnownFileType = sourcecode.c.objc; name = StockChartViewManager.m; path = TH_CFD/StockChartViewManager.m; sourceTree = "<group>"; };
		3DD744761CCE18040021304F /* myhero.ttf */ = {isa = PBXFileReference; lastKnownFileType = file; path = myhero.ttf; sourceTree = "<group>"; };
		58602275B1F14B899E56D44F /* BVLinearGradient.xcodeproj */ = {isa = PBXFileReference; explicitFileType = undefined; fileEncoding = 9; includeInIndex = 0; lastKnownFileType = "wrapper.pb-project"; name = BVLinearGradient.xcodeproj; path = "../node_modules/react-native-linear-gradient/BVLinearGradient.xcodeproj"; sourceTree = "<group>"; };
		5EE2CE709A38445E9875FCBD /* libRealmReact.a */ = {isa = PBXFileReference; explicitFileType = undefined; fileEncoding = 9; includeInIndex = 0; lastKnownFileType = archive.ar; path = libRealmReact.a; sourceTree = "<group>"; };
		603E112CF5294E05A10661EE /* RCTWeChat.xcodeproj */ = {isa = PBXFileReference; explicitFileType = undefined; fileEncoding = 9; includeInIndex = 0; lastKnownFileType = "wrapper.pb-project"; name = RCTWeChat.xcodeproj; path = "../node_modules/react-native-wx/ios/RCTWeChat.xcodeproj"; sourceTree = "<group>"; };
		73DFEAF01CDB22A500234CE8 /* libbz2.1.0.tbd */ = {isa = PBXFileReference; lastKnownFileType = "sourcecode.text-based-dylib-definition"; name = libbz2.1.0.tbd; path = usr/lib/libbz2.1.0.tbd; sourceTree = SDKROOT; };
		73FD30591D0574C200D77EFC /* RNFS.xcodeproj */ = {isa = PBXFileReference; lastKnownFileType = "wrapper.pb-project"; name = RNFS.xcodeproj; path = "../node_modules/react-native-fs/RNFS.xcodeproj"; sourceTree = "<group>"; };
		78C398B01ACF4ADC00677621 /* RCTLinking.xcodeproj */ = {isa = PBXFileReference; lastKnownFileType = "wrapper.pb-project"; name = RCTLinking.xcodeproj; path = "../node_modules/react-native/Libraries/LinkingIOS/RCTLinking.xcodeproj"; sourceTree = "<group>"; };
		7D8780BF57DD4DB28D4B30A9 /* libRNImagePicker.a */ = {isa = PBXFileReference; explicitFileType = undefined; fileEncoding = 9; includeInIndex = 0; lastKnownFileType = archive.ar; path = libRNImagePicker.a; sourceTree = "<group>"; };
		832341B01AAA6A8300B99B32 /* RCTText.xcodeproj */ = {isa = PBXFileReference; lastKnownFileType = "wrapper.pb-project"; name = RCTText.xcodeproj; path = "../node_modules/react-native/Libraries/Text/RCTText.xcodeproj"; sourceTree = "<group>"; };
		8BCBE68C9A854D14A920EAD9 /* RealmReact.xcodeproj */ = {isa = PBXFileReference; explicitFileType = undefined; fileEncoding = 9; includeInIndex = 0; lastKnownFileType = "wrapper.pb-project"; name = RealmReact.xcodeproj; path = "../node_modules/realm/react-native/ios/RealmReact.xcodeproj"; sourceTree = "<group>"; };
		ADAFAB0527AA419A8350A2B3 /* libRCTHotUpdate.a */ = {isa = PBXFileReference; explicitFileType = undefined; fileEncoding = 9; includeInIndex = 0; lastKnownFileType = archive.ar; path = libRCTHotUpdate.a; sourceTree = "<group>"; };
		D8E9B8FF0CA943FB9D049E93 /* libBVLinearGradient.a */ = {isa = PBXFileReference; explicitFileType = undefined; fileEncoding = 9; includeInIndex = 0; lastKnownFileType = archive.ar; path = libBVLinearGradient.a; sourceTree = "<group>"; };
		FC36C2CB97CE4D7DBE61CD48 /* RNImagePicker.xcodeproj */ = {isa = PBXFileReference; explicitFileType = undefined; fileEncoding = 9; includeInIndex = 0; lastKnownFileType = "wrapper.pb-project"; name = RNImagePicker.xcodeproj; path = "../node_modules/react-native-image-picker/ios/RNImagePicker.xcodeproj"; sourceTree = "<group>"; };
/* End PBXFileReference section */

/* Begin PBXFrameworksBuildPhase section */
		13B07F8C1A680F5B00A75B9A /* Frameworks */ = {
			isa = PBXFrameworksBuildPhase;
			buildActionMask = 2147483647;
			files = (
				73FD306D1D0574FD00D77EFC /* libRNFS.a in Frameworks */,
				3D2A3A0A1C7C44C50085264D /* CoreTelephony.framework in Frameworks */,
				3D2A3A011C7C3EE70085264D /* libz.tbd in Frameworks */,
				73DFEAF21CDB242700234CE8 /* libbz2.1.0.tbd in Frameworks */,
				3D2A39FF1C7C3EDA0085264D /* libc++.tbd in Frameworks */,
				3D2A39F31C7C3ECD0085264D /* libsqlite3.tbd in Frameworks */,
				146834051AC3E58100842450 /* libReact.a in Frameworks */,
				00C302E51ABCBA2D00DB3ED1 /* libRCTActionSheet.a in Frameworks */,
				00C302E71ABCBA2D00DB3ED1 /* libRCTGeolocation.a in Frameworks */,
				00C302E81ABCBA2D00DB3ED1 /* libRCTImage.a in Frameworks */,
				133E29F31AD74F7200F7D852 /* libRCTLinking.a in Frameworks */,
				00C302E91ABCBA2D00DB3ED1 /* libRCTNetwork.a in Frameworks */,
				139105C61AF99C1200B5F7CC /* libRCTSettings.a in Frameworks */,
				832341BD1AAA6AB300B99B32 /* libRCTText.a in Frameworks */,
				00C302EA1ABCBA2D00DB3ED1 /* libRCTVibration.a in Frameworks */,
				139FDEF61B0652A700C62182 /* libRCTWebSocket.a in Frameworks */,
				E30C3760AD2343E4BF815D6D /* libBVLinearGradient.a in Frameworks */,
				C5971F975A91415B996BBB9C /* libRealmReact.a in Frameworks */,
				80BCA2B8147C419E82DF3DFB /* libRCTHotUpdate.a in Frameworks */,
				CBDAB12CB32E43B38DF342E5 /* libRCTWeChat.a in Frameworks */,
				D5C95DE6EB174E6896A7067C /* libRNImagePicker.a in Frameworks */,
			);
			runOnlyForDeploymentPostprocessing = 0;
		};
/* End PBXFrameworksBuildPhase section */

/* Begin PBXGroup section */
		00C302A81ABCB8CE00DB3ED1 /* Products */ = {
			isa = PBXGroup;
			children = (
				00C302AC1ABCB8CE00DB3ED1 /* libRCTActionSheet.a */,
			);
			name = Products;
			sourceTree = "<group>";
		};
		00C302B61ABCB90400DB3ED1 /* Products */ = {
			isa = PBXGroup;
			children = (
				00C302BA1ABCB90400DB3ED1 /* libRCTGeolocation.a */,
			);
			name = Products;
			sourceTree = "<group>";
		};
		00C302BC1ABCB91800DB3ED1 /* Products */ = {
			isa = PBXGroup;
			children = (
				00C302C01ABCB91800DB3ED1 /* libRCTImage.a */,
			);
			name = Products;
			sourceTree = "<group>";
		};
		00C302D41ABCB9D200DB3ED1 /* Products */ = {
			isa = PBXGroup;
			children = (
				00C302DC1ABCB9D200DB3ED1 /* libRCTNetwork.a */,
			);
			name = Products;
			sourceTree = "<group>";
		};
		00C302E01ABCB9EE00DB3ED1 /* Products */ = {
			isa = PBXGroup;
			children = (
				00C302E41ABCB9EE00DB3ED1 /* libRCTVibration.a */,
			);
			name = Products;
			sourceTree = "<group>";
		};
		139105B71AF99BAD00B5F7CC /* Products */ = {
			isa = PBXGroup;
			children = (
				139105C11AF99BAD00B5F7CC /* libRCTSettings.a */,
			);
			name = Products;
			sourceTree = "<group>";
		};
		139FDEE71B06529A00C62182 /* Products */ = {
			isa = PBXGroup;
			children = (
				139FDEF41B06529B00C62182 /* libRCTWebSocket.a */,
			);
			name = Products;
			sourceTree = "<group>";
		};
		13B07FAE1A68108700A75B9A /* TH_CFD */ = {
			isa = PBXGroup;
			children = (
				3DB98C0E1CE1CF1A00DB3FA5 /* frontPage.jpg */,
				3DD744761CCE18040021304F /* myhero.ttf */,
				3D3E1F0C1C9F9C340064F187 /* Swift */,
				3D3E1F0B1C9F9C240064F187 /* ObjC */,
				3D5C46C71C92B51000BF6FD3 /* main.jsbundle */,
				3D47CB481C897882000EF6EF /* AppDelegate.swift */,
				3D47CB471C897879000EF6EF /* TH_CFD-Bridging-Header.h */,
				13B07FB51A68108700A75B9A /* Images.xcassets */,
				13B07FB61A68108700A75B9A /* Info.plist */,
				13B07FB11A68108700A75B9A /* LaunchScreen.xib */,
				3D61C5F21C9931A10037816A /* MainStoryboard.storyboard */,
			);
			name = TH_CFD;
			sourceTree = "<group>";
		};
		146834001AC3E56700842450 /* Products */ = {
			isa = PBXGroup;
			children = (
				146834041AC3E56700842450 /* libReact.a */,
			);
			name = Products;
			sourceTree = "<group>";
		};
		3D3E1F0B1C9F9C240064F187 /* ObjC */ = {
			isa = PBXGroup;
			children = (
				3D6A23E31C9AA93F00FF1306 /* NativeScene.h */,
				3D6A23E41C9AA93F00FF1306 /* NativeScene.m */,
				3D6A24071C9AB90000FF1306 /* NativeData.h */,
				3D6A24081C9AB90000FF1306 /* NativeData.m */,
				3DC6182B1CA3922A00F36541 /* StockChartViewManager.h */,
				3DC6182C1CA3922A00F36541 /* StockChartViewManager.m */,
			);
			name = ObjC;
			sourceTree = "<group>";
		};
		3D3E1F0C1C9F9C340064F187 /* Swift */ = {
			isa = PBXGroup;
			children = (
				3D61C5C91C9909CB0037816A /* EditOwnStocksViewController.swift */,
				3D61C5F01C9931810037816A /* EditOwnStockCell.swift */,
				3D6A24171C9C026200FF1306 /* SwiftExtensions.swift */,
				3D3E1EFE1C9F9C1C0064F187 /* SwiftNotice.swift */,
				3D6A240A1C9ABDE900FF1306 /* StockDataManager.swift */,
				3DC618001CA2747E00F36541 /* ChartDataManager.swift */,
				3DC618041CA29F9900F36541 /* StockChartView.swift */,
			);
			name = Swift;
			sourceTree = "<group>";
		};
		3DC618111CA38B0A00F36541 /* Products */ = {
			isa = PBXGroup;
			children = (
				3DC618151CA38B0A00F36541 /* libBVLinearGradient.a */,
			);
			name = Products;
			sourceTree = "<group>";
		};
		3DE8F6681D115922008A0D49 /* Products */ = {
			isa = PBXGroup;
			children = (
				3DE8F6771D115922008A0D49 /* libRCTWeChat.a */,
			);
			name = Products;
			sourceTree = "<group>";
		};
		43D0F270D79E4680AD511CD9 /* Frameworks */ = {
			isa = PBXGroup;
			children = (
				73DFEAF01CDB22A500234CE8 /* libbz2.1.0.tbd */,
			);
			name = Frameworks;
			sourceTree = "<group>";
		};
		737363541D17CCFA00476488 /* Products */ = {
			isa = PBXGroup;
			children = (
				737363671D17CCFA00476488 /* libRNImagePicker.a */,
			);
			name = Products;
			sourceTree = "<group>";
		};
		737CC9A61CD30DFE00166A6A /* Products */ = {
			isa = PBXGroup;
			children = (
				737CC9B61CD30DFE00166A6A /* libRealmReact.a */,
			);
			name = Products;
			sourceTree = "<group>";
		};
		73DFEADE1CDB21FA00234CE8 /* Products */ = {
			isa = PBXGroup;
			children = (
				73DFEAE51CDB21FA00234CE8 /* libRCTHotUpdate.a */,
			);
			name = Products;
			sourceTree = "<group>";
		};
		73FD305A1D0574C200D77EFC /* Products */ = {
			isa = PBXGroup;
			children = (
				73FD306C1D0574C200D77EFC /* libRNFS.a */,
			);
			name = Products;
			sourceTree = "<group>";
		};
		78C398B11ACF4ADC00677621 /* Products */ = {
			isa = PBXGroup;
			children = (
				78C398B91ACF4ADC00677621 /* libRCTLinking.a */,
			);
			name = Products;
			sourceTree = "<group>";
		};
		832341AE1AAA6A7D00B99B32 /* Libraries */ = {
			isa = PBXGroup;
			children = (
				73FD30591D0574C200D77EFC /* RNFS.xcodeproj */,
				3D2A3A091C7C44C50085264D /* CoreTelephony.framework */,
				3D2A3A001C7C3EE70085264D /* libz.tbd */,
				3D2A39FE1C7C3EDA0085264D /* libc++.tbd */,
				3D2A39F21C7C3ECD0085264D /* libsqlite3.tbd */,
				146833FF1AC3E56700842450 /* React.xcodeproj */,
				00C302A71ABCB8CE00DB3ED1 /* RCTActionSheet.xcodeproj */,
				00C302B51ABCB90400DB3ED1 /* RCTGeolocation.xcodeproj */,
				00C302BB1ABCB91800DB3ED1 /* RCTImage.xcodeproj */,
				78C398B01ACF4ADC00677621 /* RCTLinking.xcodeproj */,
				00C302D31ABCB9D200DB3ED1 /* RCTNetwork.xcodeproj */,
				139105B61AF99BAD00B5F7CC /* RCTSettings.xcodeproj */,
				832341B01AAA6A8300B99B32 /* RCTText.xcodeproj */,
				00C302DF1ABCB9EE00DB3ED1 /* RCTVibration.xcodeproj */,
				139FDEE61B06529A00C62182 /* RCTWebSocket.xcodeproj */,
				58602275B1F14B899E56D44F /* BVLinearGradient.xcodeproj */,
				8BCBE68C9A854D14A920EAD9 /* RealmReact.xcodeproj */,
				22F5EC88B9014CDA85FEBFBA /* RCTHotUpdate.xcodeproj */,
				603E112CF5294E05A10661EE /* RCTWeChat.xcodeproj */,
				FC36C2CB97CE4D7DBE61CD48 /* RNImagePicker.xcodeproj */,
			);
			name = Libraries;
			sourceTree = "<group>";
		};
		832341B11AAA6A8300B99B32 /* Products */ = {
			isa = PBXGroup;
			children = (
				832341B51AAA6A8300B99B32 /* libRCTText.a */,
			);
			name = Products;
			sourceTree = "<group>";
		};
		83CBB9F61A601CBA00E9B192 = {
			isa = PBXGroup;
			children = (
				13B07FAE1A68108700A75B9A /* TH_CFD */,
				832341AE1AAA6A7D00B99B32 /* Libraries */,
				83CBBA001A601CBA00E9B192 /* Products */,
				43D0F270D79E4680AD511CD9 /* Frameworks */,
			);
			indentWidth = 4;
			sourceTree = "<group>";
			tabWidth = 4;
		};
		83CBBA001A601CBA00E9B192 /* Products */ = {
			isa = PBXGroup;
			children = (
				13B07F961A680F5B00A75B9A /* TH_CFD.app */,
			);
			name = Products;
			sourceTree = "<group>";
		};
/* End PBXGroup section */

/* Begin PBXNativeTarget section */
		13B07F861A680F5B00A75B9A /* TH_CFD */ = {
			isa = PBXNativeTarget;
			buildConfigurationList = 13B07F931A680F5B00A75B9A /* Build configuration list for PBXNativeTarget "TH_CFD" */;
			buildPhases = (
				13B07F871A680F5B00A75B9A /* Sources */,
				13B07F8C1A680F5B00A75B9A /* Frameworks */,
				13B07F8E1A680F5B00A75B9A /* Resources */,
				00DD1BFF1BD5951E006B06BC /* Bundle React Native code and images */,
			);
			buildRules = (
			);
			dependencies = (
			);
			name = TH_CFD;
			productName = "Hello World";
			productReference = 13B07F961A680F5B00A75B9A /* TH_CFD.app */;
			productType = "com.apple.product-type.application";
		};
/* End PBXNativeTarget section */

/* Begin PBXProject section */
		83CBB9F71A601CBA00E9B192 /* Project object */ = {
			isa = PBXProject;
			attributes = {
				LastSwiftUpdateCheck = 720;
				LastUpgradeCheck = 610;
				ORGANIZATIONNAME = Facebook;
				TargetAttributes = {
					13B07F861A680F5B00A75B9A = {
						DevelopmentTeam = CLAS2G6QPJ;
					};
				};
			};
			buildConfigurationList = 83CBB9FA1A601CBA00E9B192 /* Build configuration list for PBXProject "TH_CFD" */;
			compatibilityVersion = "Xcode 3.2";
			developmentRegion = English;
			hasScannedForEncodings = 0;
			knownRegions = (
				en,
				Base,
			);
			mainGroup = 83CBB9F61A601CBA00E9B192;
			productRefGroup = 83CBBA001A601CBA00E9B192 /* Products */;
			projectDirPath = "";
			projectReferences = (
				{
					ProductGroup = 3DC618111CA38B0A00F36541 /* Products */;
					ProjectRef = 58602275B1F14B899E56D44F /* BVLinearGradient.xcodeproj */;
				},
				{
					ProductGroup = 00C302A81ABCB8CE00DB3ED1 /* Products */;
					ProjectRef = 00C302A71ABCB8CE00DB3ED1 /* RCTActionSheet.xcodeproj */;
				},
				{
					ProductGroup = 00C302B61ABCB90400DB3ED1 /* Products */;
					ProjectRef = 00C302B51ABCB90400DB3ED1 /* RCTGeolocation.xcodeproj */;
				},
				{
					ProductGroup = 73DFEADE1CDB21FA00234CE8 /* Products */;
					ProjectRef = 22F5EC88B9014CDA85FEBFBA /* RCTHotUpdate.xcodeproj */;
				},
				{
					ProductGroup = 00C302BC1ABCB91800DB3ED1 /* Products */;
					ProjectRef = 00C302BB1ABCB91800DB3ED1 /* RCTImage.xcodeproj */;
				},
				{
					ProductGroup = 78C398B11ACF4ADC00677621 /* Products */;
					ProjectRef = 78C398B01ACF4ADC00677621 /* RCTLinking.xcodeproj */;
				},
				{
					ProductGroup = 00C302D41ABCB9D200DB3ED1 /* Products */;
					ProjectRef = 00C302D31ABCB9D200DB3ED1 /* RCTNetwork.xcodeproj */;
				},
				{
					ProductGroup = 139105B71AF99BAD00B5F7CC /* Products */;
					ProjectRef = 139105B61AF99BAD00B5F7CC /* RCTSettings.xcodeproj */;
				},
				{
					ProductGroup = 832341B11AAA6A8300B99B32 /* Products */;
					ProjectRef = 832341B01AAA6A8300B99B32 /* RCTText.xcodeproj */;
				},
				{
					ProductGroup = 00C302E01ABCB9EE00DB3ED1 /* Products */;
					ProjectRef = 00C302DF1ABCB9EE00DB3ED1 /* RCTVibration.xcodeproj */;
				},
				{
					ProductGroup = 139FDEE71B06529A00C62182 /* Products */;
					ProjectRef = 139FDEE61B06529A00C62182 /* RCTWebSocket.xcodeproj */;
				},
				{
					ProductGroup = 3DE8F6681D115922008A0D49 /* Products */;
					ProjectRef = 603E112CF5294E05A10661EE /* RCTWeChat.xcodeproj */;
				},
				{
					ProductGroup = 146834001AC3E56700842450 /* Products */;
					ProjectRef = 146833FF1AC3E56700842450 /* React.xcodeproj */;
				},
				{
					ProductGroup = 737CC9A61CD30DFE00166A6A /* Products */;
					ProjectRef = 8BCBE68C9A854D14A920EAD9 /* RealmReact.xcodeproj */;
				},
				{
					ProductGroup = 73FD305A1D0574C200D77EFC /* Products */;
					ProjectRef = 73FD30591D0574C200D77EFC /* RNFS.xcodeproj */;
				},
				{
					ProductGroup = 737363541D17CCFA00476488 /* Products */;
					ProjectRef = FC36C2CB97CE4D7DBE61CD48 /* RNImagePicker.xcodeproj */;
				},
			);
			projectRoot = "";
			targets = (
				13B07F861A680F5B00A75B9A /* TH_CFD */,
			);
		};
/* End PBXProject section */

/* Begin PBXReferenceProxy section */
		00C302AC1ABCB8CE00DB3ED1 /* libRCTActionSheet.a */ = {
			isa = PBXReferenceProxy;
			fileType = archive.ar;
			path = libRCTActionSheet.a;
			remoteRef = 00C302AB1ABCB8CE00DB3ED1 /* PBXContainerItemProxy */;
			sourceTree = BUILT_PRODUCTS_DIR;
		};
		00C302BA1ABCB90400DB3ED1 /* libRCTGeolocation.a */ = {
			isa = PBXReferenceProxy;
			fileType = archive.ar;
			path = libRCTGeolocation.a;
			remoteRef = 00C302B91ABCB90400DB3ED1 /* PBXContainerItemProxy */;
			sourceTree = BUILT_PRODUCTS_DIR;
		};
		00C302C01ABCB91800DB3ED1 /* libRCTImage.a */ = {
			isa = PBXReferenceProxy;
			fileType = archive.ar;
			path = libRCTImage.a;
			remoteRef = 00C302BF1ABCB91800DB3ED1 /* PBXContainerItemProxy */;
			sourceTree = BUILT_PRODUCTS_DIR;
		};
		00C302DC1ABCB9D200DB3ED1 /* libRCTNetwork.a */ = {
			isa = PBXReferenceProxy;
			fileType = archive.ar;
			path = libRCTNetwork.a;
			remoteRef = 00C302DB1ABCB9D200DB3ED1 /* PBXContainerItemProxy */;
			sourceTree = BUILT_PRODUCTS_DIR;
		};
		00C302E41ABCB9EE00DB3ED1 /* libRCTVibration.a */ = {
			isa = PBXReferenceProxy;
			fileType = archive.ar;
			path = libRCTVibration.a;
			remoteRef = 00C302E31ABCB9EE00DB3ED1 /* PBXContainerItemProxy */;
			sourceTree = BUILT_PRODUCTS_DIR;
		};
		139105C11AF99BAD00B5F7CC /* libRCTSettings.a */ = {
			isa = PBXReferenceProxy;
			fileType = archive.ar;
			path = libRCTSettings.a;
			remoteRef = 139105C01AF99BAD00B5F7CC /* PBXContainerItemProxy */;
			sourceTree = BUILT_PRODUCTS_DIR;
		};
		139FDEF41B06529B00C62182 /* libRCTWebSocket.a */ = {
			isa = PBXReferenceProxy;
			fileType = archive.ar;
			path = libRCTWebSocket.a;
			remoteRef = 139FDEF31B06529B00C62182 /* PBXContainerItemProxy */;
			sourceTree = BUILT_PRODUCTS_DIR;
		};
		146834041AC3E56700842450 /* libReact.a */ = {
			isa = PBXReferenceProxy;
			fileType = archive.ar;
			path = libReact.a;
			remoteRef = 146834031AC3E56700842450 /* PBXContainerItemProxy */;
			sourceTree = BUILT_PRODUCTS_DIR;
		};
		3DC618151CA38B0A00F36541 /* libBVLinearGradient.a */ = {
			isa = PBXReferenceProxy;
			fileType = archive.ar;
			path = libBVLinearGradient.a;
			remoteRef = 3DC618141CA38B0A00F36541 /* PBXContainerItemProxy */;
			sourceTree = BUILT_PRODUCTS_DIR;
		};
		3DE8F6771D115922008A0D49 /* libRCTWeChat.a */ = {
			isa = PBXReferenceProxy;
			fileType = archive.ar;
			path = libRCTWeChat.a;
			remoteRef = 3DE8F6761D115922008A0D49 /* PBXContainerItemProxy */;
			sourceTree = BUILT_PRODUCTS_DIR;
		};
		737363671D17CCFA00476488 /* libRNImagePicker.a */ = {
			isa = PBXReferenceProxy;
			fileType = archive.ar;
			path = libRNImagePicker.a;
			remoteRef = 737363661D17CCFA00476488 /* PBXContainerItemProxy */;
			sourceTree = BUILT_PRODUCTS_DIR;
		};
		737CC9B61CD30DFE00166A6A /* libRealmReact.a */ = {
			isa = PBXReferenceProxy;
			fileType = archive.ar;
			path = libRealmReact.a;
			remoteRef = 737CC9B51CD30DFE00166A6A /* PBXContainerItemProxy */;
			sourceTree = BUILT_PRODUCTS_DIR;
		};
		73DFEAE51CDB21FA00234CE8 /* libRCTHotUpdate.a */ = {
			isa = PBXReferenceProxy;
			fileType = archive.ar;
			path = libRCTHotUpdate.a;
			remoteRef = 73DFEAE41CDB21FA00234CE8 /* PBXContainerItemProxy */;
			sourceTree = BUILT_PRODUCTS_DIR;
		};
		73FD306C1D0574C200D77EFC /* libRNFS.a */ = {
			isa = PBXReferenceProxy;
			fileType = archive.ar;
			path = libRNFS.a;
			remoteRef = 73FD306B1D0574C200D77EFC /* PBXContainerItemProxy */;
			sourceTree = BUILT_PRODUCTS_DIR;
		};
		78C398B91ACF4ADC00677621 /* libRCTLinking.a */ = {
			isa = PBXReferenceProxy;
			fileType = archive.ar;
			path = libRCTLinking.a;
			remoteRef = 78C398B81ACF4ADC00677621 /* PBXContainerItemProxy */;
			sourceTree = BUILT_PRODUCTS_DIR;
		};
		832341B51AAA6A8300B99B32 /* libRCTText.a */ = {
			isa = PBXReferenceProxy;
			fileType = archive.ar;
			path = libRCTText.a;
			remoteRef = 832341B41AAA6A8300B99B32 /* PBXContainerItemProxy */;
			sourceTree = BUILT_PRODUCTS_DIR;
		};
/* End PBXReferenceProxy section */

/* Begin PBXResourcesBuildPhase section */
		13B07F8E1A680F5B00A75B9A /* Resources */ = {
			isa = PBXResourcesBuildPhase;
			buildActionMask = 2147483647;
			files = (
				3DB98C0F1CE1CF1A00DB3FA5 /* frontPage.jpg in Resources */,
				13B07FBF1A68108700A75B9A /* Images.xcassets in Resources */,
				13B07FBD1A68108700A75B9A /* LaunchScreen.xib in Resources */,
				3D61C5F31C9931A10037816A /* MainStoryboard.storyboard in Resources */,
				3DD744771CCE18040021304F /* myhero.ttf in Resources */,
				3D5C46C81C92B51000BF6FD3 /* main.jsbundle in Resources */,
			);
			runOnlyForDeploymentPostprocessing = 0;
		};
/* End PBXResourcesBuildPhase section */

/* Begin PBXShellScriptBuildPhase section */
		00DD1BFF1BD5951E006B06BC /* Bundle React Native code and images */ = {
			isa = PBXShellScriptBuildPhase;
			buildActionMask = 12;
			files = (
			);
			inputPaths = (
			);
			name = "Bundle React Native code and images";
			outputPaths = (
			);
			runOnlyForDeploymentPostprocessing = 0;
			shellPath = /bin/sh;
			shellScript = "export NODE_BINARY=node\n../node_modules/react-native/packager/react-native-xcode.sh";
		};
/* End PBXShellScriptBuildPhase section */

/* Begin PBXSourcesBuildPhase section */
		13B07F871A680F5B00A75B9A /* Sources */ = {
			isa = PBXSourcesBuildPhase;
			buildActionMask = 2147483647;
			files = (
				3D6A24091C9AB90000FF1306 /* NativeData.m in Sources */,
				3D61C5F11C9931810037816A /* EditOwnStockCell.swift in Sources */,
				3DC618051CA29F9900F36541 /* StockChartView.swift in Sources */,
				3D6A240B1C9ABDE900FF1306 /* StockDataManager.swift in Sources */,
				3D3E1EFF1C9F9C1C0064F187 /* SwiftNotice.swift in Sources */,
				3DC6182D1CA3922A00F36541 /* StockChartViewManager.m in Sources */,
				3DC618011CA2747E00F36541 /* ChartDataManager.swift in Sources */,
				3D61C5CB1C9909CB0037816A /* EditOwnStocksViewController.swift in Sources */,
				3D6A23E51C9AA93F00FF1306 /* NativeScene.m in Sources */,
				3D47CB491C897882000EF6EF /* AppDelegate.swift in Sources */,
				3D6A24181C9C026200FF1306 /* SwiftExtensions.swift in Sources */,
			);
			runOnlyForDeploymentPostprocessing = 0;
		};
/* End PBXSourcesBuildPhase section */

/* Begin PBXVariantGroup section */
		13B07FB11A68108700A75B9A /* LaunchScreen.xib */ = {
			isa = PBXVariantGroup;
			children = (
				13B07FB21A68108700A75B9A /* Base */,
			);
			name = LaunchScreen.xib;
			path = TH_CFD;
			sourceTree = "<group>";
		};
/* End PBXVariantGroup section */

/* Begin XCBuildConfiguration section */
		13B07F941A680F5B00A75B9A /* Debug */ = {
			isa = XCBuildConfiguration;
			buildSettings = {
				ASSETCATALOG_COMPILER_APPICON_NAME = AppIcon;
				CLANG_ENABLE_MODULES = YES;
				CODE_SIGN_IDENTITY = "iPhone Developer";
				"CODE_SIGN_IDENTITY[sdk=iphoneos*]" = "iPhone Developer";
				DEAD_CODE_STRIPPING = NO;
				ENABLE_BITCODE = NO;
				HEADER_SEARCH_PATHS = (
					"$(inherited)",
					/Applications/Xcode.app/Contents/Developer/Toolchains/XcodeDefault.xctoolchain/usr/include,
					"$(SRCROOT)/../node_modules/react-native/React/**",
					"$(SRCROOT)/../node_modules/react-native-linear-gradient/BVLinearGradient",
					"$(SRCROOT)/../node_modules/react-native-wx/ios/**",
					"$(SRCROOT)/../node_modules/realm/src/**",
					"$(SRCROOT)/../node_modules/react-native-update/ios/RCTHotUpdate/**",
					"$(SRCROOT)/../node_modules/react-native-wx/ios/**",
					"$(SRCROOT)/../node_modules/react-native-image-picker/ios/**",
				);
				INFOPLIST_FILE = TH_CFD/Info.plist;
				IPHONEOS_DEPLOYMENT_TARGET = 8.0;
				LD_RUNPATH_SEARCH_PATHS = "$(inherited) @executable_path/Frameworks";
				LIBRARY_SEARCH_PATHS = (
					"$(inherited)",
					"\"$(SRCROOT)/TH_CFD\"",
					"\"$(SRCROOT)/TH_CFD\"",
					"\"$(SRCROOT)/TH_CFD\"",
					"\"$(SRCROOT)/TH_CFD\"",
					"\"$(SRCROOT)/TH_CFD\"",
					"\"$(SRCROOT)/TH_CFD\"",
				);
				OTHER_LDFLAGS = "-ObjC";
				PRODUCT_BUNDLE_IDENTIFIER = com.typhoon.technology.CFD;
				PRODUCT_NAME = TH_CFD;
				PROVISIONING_PROFILE = "";
				SWIFT_OBJC_BRIDGING_HEADER = "TH_CFD-Bridging-Header.h";
				SWIFT_OPTIMIZATION_LEVEL = "-Onone";
			};
			name = Debug;
		};
		13B07F951A680F5B00A75B9A /* Release */ = {
			isa = XCBuildConfiguration;
			buildSettings = {
				ASSETCATALOG_COMPILER_APPICON_NAME = AppIcon;
				CLANG_ENABLE_MODULES = YES;
				CODE_SIGN_IDENTITY = "iPhone Developer";
				"CODE_SIGN_IDENTITY[sdk=iphoneos*]" = "iPhone Developer";
				ENABLE_BITCODE = NO;
				HEADER_SEARCH_PATHS = (
					"$(inherited)",
					/Applications/Xcode.app/Contents/Developer/Toolchains/XcodeDefault.xctoolchain/usr/include,
					"$(SRCROOT)/../node_modules/react-native/React/**",
					"$(SRCROOT)/../node_modules/react-native-linear-gradient/BVLinearGradient",
					"$(SRCROOT)/../node_modules/react-native-wx/ios/**",
					"$(SRCROOT)/../node_modules/realm/src/**",
					"$(SRCROOT)/../node_modules/react-native-update/ios/RCTHotUpdate/**",
					"$(SRCROOT)/../node_modules/react-native-wx/ios/**",
					"$(SRCROOT)/../node_modules/react-native-image-picker/ios/**",
				);
				INFOPLIST_FILE = TH_CFD/Info.plist;
				IPHONEOS_DEPLOYMENT_TARGET = 8.0;
				LD_RUNPATH_SEARCH_PATHS = "$(inherited) @executable_path/Frameworks";
				LIBRARY_SEARCH_PATHS = (
					"$(inherited)",
					"\"$(SRCROOT)/TH_CFD\"",
					"\"$(SRCROOT)/TH_CFD\"",
					"\"$(SRCROOT)/TH_CFD\"",
					"\"$(SRCROOT)/TH_CFD\"",
					"\"$(SRCROOT)/TH_CFD\"",
					"\"$(SRCROOT)/TH_CFD\"",
				);
				OTHER_LDFLAGS = "-ObjC";
				PRODUCT_BUNDLE_IDENTIFIER = com.typhoon.technology.CFD;
				PRODUCT_NAME = TH_CFD;
				PROVISIONING_PROFILE = "";
				SWIFT_OBJC_BRIDGING_HEADER = "TH_CFD-Bridging-Header.h";
			};
			name = Release;
		};
		83CBBA201A601CBA00E9B192 /* Debug */ = {
			isa = XCBuildConfiguration;
			buildSettings = {
				ALWAYS_SEARCH_USER_PATHS = NO;
				CLANG_CXX_LANGUAGE_STANDARD = "gnu++0x";
				CLANG_CXX_LIBRARY = "libc++";
				CLANG_ENABLE_MODULES = YES;
				CLANG_ENABLE_OBJC_ARC = YES;
				CLANG_WARN_BOOL_CONVERSION = YES;
				CLANG_WARN_CONSTANT_CONVERSION = YES;
				CLANG_WARN_DIRECT_OBJC_ISA_USAGE = YES_ERROR;
				CLANG_WARN_EMPTY_BODY = YES;
				CLANG_WARN_ENUM_CONVERSION = YES;
				CLANG_WARN_INT_CONVERSION = YES;
				CLANG_WARN_OBJC_ROOT_CLASS = YES_ERROR;
				CLANG_WARN_UNREACHABLE_CODE = YES;
				CLANG_WARN__DUPLICATE_METHOD_MATCH = YES;
				CODE_SIGN_IDENTITY = "iPhone Developer";
				"CODE_SIGN_IDENTITY[sdk=iphoneos*]" = "iPhone Developer";
				COPY_PHASE_STRIP = NO;
				ENABLE_BITCODE = NO;
				ENABLE_STRICT_OBJC_MSGSEND = YES;
				GCC_C_LANGUAGE_STANDARD = gnu99;
				GCC_DYNAMIC_NO_PIC = NO;
				GCC_OPTIMIZATION_LEVEL = 0;
				GCC_PREPROCESSOR_DEFINITIONS = (
					"DEBUG=1",
					"$(inherited)",
				);
				GCC_SYMBOLS_PRIVATE_EXTERN = NO;
				GCC_WARN_64_TO_32_BIT_CONVERSION = YES;
				GCC_WARN_ABOUT_RETURN_TYPE = YES_ERROR;
				GCC_WARN_UNDECLARED_SELECTOR = YES;
				GCC_WARN_UNINITIALIZED_AUTOS = YES_AGGRESSIVE;
				GCC_WARN_UNUSED_FUNCTION = YES;
				GCC_WARN_UNUSED_VARIABLE = YES;
				HEADER_SEARCH_PATHS = (
					"$(inherited)",
					/Applications/Xcode.app/Contents/Developer/Toolchains/XcodeDefault.xctoolchain/usr/include,
					"$(SRCROOT)/../node_modules/react-native/React/**",
					"$(SRCROOT)/../node_modules/react-native-linear-gradient/BVLinearGradient",
					"$(SRCROOT)/../node_modules/react-native-wx/ios/**",
					"$(SRCROOT)/../node_modules/realm/src/**",
					"$(SRCROOT)/../node_modules/react-native-update/ios/RCTHotUpdate/**",
					"$(SRCROOT)/../node_modules/react-native-wx/ios/**",
					"$(SRCROOT)/../node_modules/react-native-image-picker/ios/**",
				);
				IPHONEOS_DEPLOYMENT_TARGET = 7.0;
				MTL_ENABLE_DEBUG_INFO = YES;
				ONLY_ACTIVE_ARCH = YES;
				SDKROOT = iphoneos;
			};
			name = Debug;
		};
		83CBBA211A601CBA00E9B192 /* Release */ = {
			isa = XCBuildConfiguration;
			buildSettings = {
				ALWAYS_SEARCH_USER_PATHS = NO;
				CLANG_CXX_LANGUAGE_STANDARD = "gnu++0x";
				CLANG_CXX_LIBRARY = "libc++";
				CLANG_ENABLE_MODULES = YES;
				CLANG_ENABLE_OBJC_ARC = YES;
				CLANG_WARN_BOOL_CONVERSION = YES;
				CLANG_WARN_CONSTANT_CONVERSION = YES;
				CLANG_WARN_DIRECT_OBJC_ISA_USAGE = YES_ERROR;
				CLANG_WARN_EMPTY_BODY = YES;
				CLANG_WARN_ENUM_CONVERSION = YES;
				CLANG_WARN_INT_CONVERSION = YES;
				CLANG_WARN_OBJC_ROOT_CLASS = YES_ERROR;
				CLANG_WARN_UNREACHABLE_CODE = YES;
				CLANG_WARN__DUPLICATE_METHOD_MATCH = YES;
				CODE_SIGN_IDENTITY = "iPhone Distribution";
				"CODE_SIGN_IDENTITY[sdk=iphoneos*]" = "iPhone Distribution";
				COPY_PHASE_STRIP = YES;
				ENABLE_BITCODE = NO;
				ENABLE_NS_ASSERTIONS = NO;
				ENABLE_STRICT_OBJC_MSGSEND = YES;
				GCC_C_LANGUAGE_STANDARD = gnu99;
				GCC_WARN_64_TO_32_BIT_CONVERSION = YES;
				GCC_WARN_ABOUT_RETURN_TYPE = YES_ERROR;
				GCC_WARN_UNDECLARED_SELECTOR = YES;
				GCC_WARN_UNINITIALIZED_AUTOS = YES_AGGRESSIVE;
				GCC_WARN_UNUSED_FUNCTION = YES;
				GCC_WARN_UNUSED_VARIABLE = YES;
				HEADER_SEARCH_PATHS = (
					"$(inherited)",
					/Applications/Xcode.app/Contents/Developer/Toolchains/XcodeDefault.xctoolchain/usr/include,
					"$(SRCROOT)/../node_modules/react-native/React/**",
					"$(SRCROOT)/../node_modules/react-native-linear-gradient/BVLinearGradient",
					"$(SRCROOT)/../node_modules/react-native-wx/ios/**",
					"$(SRCROOT)/../node_modules/realm/src/**",
					"$(SRCROOT)/../node_modules/react-native-update/ios/RCTHotUpdate/**",
					"$(SRCROOT)/../node_modules/react-native-wx/ios/**",
					"$(SRCROOT)/../node_modules/react-native-image-picker/ios/**",
				);
				IPHONEOS_DEPLOYMENT_TARGET = 7.0;
				MTL_ENABLE_DEBUG_INFO = NO;
				SDKROOT = iphoneos;
				VALIDATE_PRODUCT = YES;
			};
			name = Release;
		};
/* End XCBuildConfiguration section */

/* Begin XCConfigurationList section */
		13B07F931A680F5B00A75B9A /* Build configuration list for PBXNativeTarget "TH_CFD" */ = {
			isa = XCConfigurationList;
			buildConfigurations = (
				13B07F941A680F5B00A75B9A /* Debug */,
				13B07F951A680F5B00A75B9A /* Release */,
			);
			defaultConfigurationIsVisible = 0;
			defaultConfigurationName = Release;
		};
		83CBB9FA1A601CBA00E9B192 /* Build configuration list for PBXProject "TH_CFD" */ = {
			isa = XCConfigurationList;
			buildConfigurations = (
				83CBBA201A601CBA00E9B192 /* Debug */,
				83CBBA211A601CBA00E9B192 /* Release */,
			);
			defaultConfigurationIsVisible = 0;
			defaultConfigurationName = Release;
		};
/* End XCConfigurationList section */
	};
	rootObject = 83CBB9F71A601CBA00E9B192 /* Project object */;
}
